
Microsoft Visual Studio Solution File, Format Version 12.00
# Visual Studio Version 17
VisualStudioVersion = 17.8.34309.116
MinimumVisualStudioVersion = 10.0.40219.1
Project("{FAE04EC0-301F-11D3-BF4B-00C04F79EFBC}") = "WpfApp1", "WpfApp1\WpfApp1.csproj", "{FDA9A928-D082-46E9-AEC4-FE979EA53433}"
EndProject
Global
	GlobalSection(SolutionConfigurationPlatforms) = preSolution
		Debug|Any CPU = Debug|Any CPU
		Release|Any CPU = Release|Any CPU
	EndGlobalSection
	GlobalSection(ProjectConfigurationPlatforms) = postSolution
		{FDA9A928-D082-46E9-AEC4-FE979EA53433}.Debug|Any CPU.ActiveCfg = Debug|Any CPU
		{FDA9A928-D082-46E9-AEC4-FE979EA53433}.Debug|Any CPU.Build.0 = Debug|Any CPU
		{FDA9A928-D082-46E9-AEC4-FE979EA53433}.Release|Any CPU.ActiveCfg = Release|Any CPU
		{FDA9A928-D082-46E9-AEC4-FE979EA53433}.Release|Any CPU.Build.0 = Release|Any CPU
	EndGlobalSection
	GlobalSection(SolutionProperties) = preSolution
		HideSolutionNode = FALSE
	EndGlobalSection
	GlobalSection(ExtensibilityGlobals) = postSolution
		SolutionGuid = {21007A10-8828-449C-A49A-3392CBA4EA6F}
	EndGlobalSection
EndGlobal
